
Microsoft Visual Studio Solution File, Format Version 12.00
# Visual Studio Version 17
VisualStudioVersion = 17.2.32630.192
MinimumVisualStudioVersion = 10.0.40219.1
Project("{9A19103F-16F7-4668-BE54-9A1E7A4F7556}") = "project1", "project1.csproj", "{848F1FE3-8F3D-4160-9DF1-9CB680D28806}"
EndProject
Global
	GlobalSection(SolutionConfigurationPlatforms) = preSolution
		Debug|Any CPU = Debug|Any CPU
		Release|Any CPU = Release|Any CPU
	EndGlobalSection
	GlobalSection(ProjectConfigurationPlatforms) = postSolution
		{848F1FE3-8F3D-4160-9DF1-9CB680D28806}.Debug|Any CPU.ActiveCfg = Debug|Any CPU
		{848F1FE3-8F3D-4160-9DF1-9CB680D28806}.Debug|Any CPU.Build.0 = Debug|Any CPU
		{848F1FE3-8F3D-4160-9DF1-9CB680D28806}.Release|Any CPU.ActiveCfg = Release|Any CPU
		{848F1FE3-8F3D-4160-9DF1-9CB680D28806}.Release|Any CPU.Build.0 = Release|Any CPU
	EndGlobalSection
	GlobalSection(SolutionProperties) = preSolution
		HideSolutionNode = FALSE
	EndGlobalSection
	GlobalSection(ExtensibilityGlobals) = postSolution
		SolutionGuid = {7C1F82F5-C258-4FC1-80BE-4B0E059CDDCA}
	EndGlobalSection
EndGlobal
